
Microsoft Visual Studio Solution File, Format Version 12.00
# Visual Studio Version 17
VisualStudioVersion = 17.1.32319.34
MinimumVisualStudioVersion = 10.0.40219.1
Project("{9A19103F-16F7-4668-BE54-9A1E7A4F7556}") = "DevPlays-WinUI3", "DevPlays-WinUI3.csproj", "{A08EC1DB-DB96-4118-8487-29790239F43A}"
EndProject
Project("{9A19103F-16F7-4668-BE54-9A1E7A4F7556}") = "DevPlays-WinUI3.Core", "..\DevPlays-WinUI3.Core\DevPlays-WinUI3.Core.csproj", "{52969677-F650-470B-AD1D-967EFBC067E9}"
EndProject
Global
	GlobalSection(SolutionConfigurationPlatforms) = preSolution
		Debug|Any CPU = Debug|Any CPU
		Debug|arm64 = Debug|arm64
		Debug|x64 = Debug|x64
		Debug|x86 = Debug|x86
		Release|Any CPU = Release|Any CPU
		Release|arm64 = Release|arm64
		Release|x64 = Release|x64
		Release|x86 = Release|x86
	EndGlobalSection
	GlobalSection(ProjectConfigurationPlatforms) = postSolution
		{A08EC1DB-DB96-4118-8487-29790239F43A}.Debug|Any CPU.ActiveCfg = Debug|x86
		{A08EC1DB-DB96-4118-8487-29790239F43A}.Debug|Any CPU.Build.0 = Debug|x86
		{A08EC1DB-DB96-4118-8487-29790239F43A}.Debug|Any CPU.Deploy.0 = Debug|x86
		{A08EC1DB-DB96-4118-8487-29790239F43A}.Debug|arm64.ActiveCfg = Debug|arm64
		{A08EC1DB-DB96-4118-8487-29790239F43A}.Debug|arm64.Build.0 = Debug|arm64
		{A08EC1DB-DB96-4118-8487-29790239F43A}.Debug|arm64.Deploy.0 = Debug|arm64
		{A08EC1DB-DB96-4118-8487-29790239F43A}.Debug|x64.ActiveCfg = Debug|x64
		{A08EC1DB-DB96-4118-8487-29790239F43A}.Debug|x64.Build.0 = Debug|x64
		{A08EC1DB-DB96-4118-8487-29790239F43A}.Debug|x86.ActiveCfg = Debug|x86
		{A08EC1DB-DB96-4118-8487-29790239F43A}.Debug|x86.Build.0 = Debug|x86
		{A08EC1DB-DB96-4118-8487-29790239F43A}.Debug|x86.Deploy.0 = Debug|x86
		{A08EC1DB-DB96-4118-8487-29790239F43A}.Release|Any CPU.ActiveCfg = Release|x64
		{A08EC1DB-DB96-4118-8487-29790239F43A}.Release|Any CPU.Build.0 = Release|x64
		{A08EC1DB-DB96-4118-8487-29790239F43A}.Release|Any CPU.Deploy.0 = Release|x64
		{A08EC1DB-DB96-4118-8487-29790239F43A}.Release|arm64.ActiveCfg = Release|arm64
		{A08EC1DB-DB96-4118-8487-29790239F43A}.Release|arm64.Build.0 = Release|arm64
		{A08EC1DB-DB96-4118-8487-29790239F43A}.Release|arm64.Deploy.0 = Release|arm64
		{A08EC1DB-DB96-4118-8487-29790239F43A}.Release|x64.ActiveCfg = Release|x64
		{A08EC1DB-DB96-4118-8487-29790239F43A}.Release|x64.Build.0 = Release|x64
		{A08EC1DB-DB96-4118-8487-29790239F43A}.Release|x64.Deploy.0 = Release|x64
		{A08EC1DB-DB96-4118-8487-29790239F43A}.Release|x86.ActiveCfg = Release|x86
		{A08EC1DB-DB96-4118-8487-29790239F43A}.Release|x86.Build.0 = Release|x86
		{52969677-F650-470B-AD1D-967EFBC067E9}.Debug|Any CPU.ActiveCfg = Debug|Any CPU
		{52969677-F650-470B-AD1D-967EFBC067E9}.Debug|Any CPU.Build.0 = Debug|Any CPU
		{52969677-F650-470B-AD1D-967EFBC067E9}.Debug|arm64.ActiveCfg = Debug|arm64
		{52969677-F650-470B-AD1D-967EFBC067E9}.Debug|arm64.Build.0 = Debug|arm64
		{52969677-F650-470B-AD1D-967EFBC067E9}.Debug|x64.ActiveCfg = Debug|x64
		{52969677-F650-470B-AD1D-967EFBC067E9}.Debug|x64.Build.0 = Debug|x64
		{52969677-F650-470B-AD1D-967EFBC067E9}.Debug|x86.ActiveCfg = Debug|x86
		{52969677-F650-470B-AD1D-967EFBC067E9}.Debug|x86.Build.0 = Debug|x86
		{52969677-F650-470B-AD1D-967EFBC067E9}.Release|Any CPU.ActiveCfg = Release|Any CPU
		{52969677-F650-470B-AD1D-967EFBC067E9}.Release|Any CPU.Build.0 = Release|Any CPU
		{52969677-F650-470B-AD1D-967EFBC067E9}.Release|arm64.ActiveCfg = Release|arm64
		{52969677-F650-470B-AD1D-967EFBC067E9}.Release|arm64.Build.0 = Release|arm64
		{52969677-F650-470B-AD1D-967EFBC067E9}.Release|x64.ActiveCfg = Release|x64
		{52969677-F650-470B-AD1D-967EFBC067E9}.Release|x64.Build.0 = Release|x64
		{52969677-F650-470B-AD1D-967EFBC067E9}.Release|x86.ActiveCfg = Release|x86
		{52969677-F650-470B-AD1D-967EFBC067E9}.Release|x86.Build.0 = Release|x86
	EndGlobalSection
	GlobalSection(SolutionProperties) = preSolution
		HideSolutionNode = FALSE
	EndGlobalSection
	GlobalSection(ExtensibilityGlobals) = postSolution
		SolutionGuid = {1C964BD0-7A5C-4476-8356-A8388F23E675}
	EndGlobalSection
EndGlobal
